// !$*UTF8*$!
{
	archiveVersion = 1;
	classes = {
	};
	objectVersion = 48;
	objects = {

/* Begin PBXBuildFile section */
		8F06D7FB1F8CA8DD00BF09E1 /* AppDelegate.swift in Sources */ = {isa = PBXBuildFile; fileRef = 8F06D7FA1F8CA8DD00BF09E1 /* AppDelegate.swift */; };
		8F06D7FD1F8CA8DD00BF09E1 /* WTMapViewController.swift in Sources */ = {isa = PBXBuildFile; fileRef = 8F06D7FC1F8CA8DD00BF09E1 /* WTMapViewController.swift */; };
		8F06D8001F8CA8DD00BF09E1 /* Main.storyboard in Resources */ = {isa = PBXBuildFile; fileRef = 8F06D7FE1F8CA8DD00BF09E1 /* Main.storyboard */; };
		8F06D8021F8CA8DD00BF09E1 /* Assets.xcassets in Resources */ = {isa = PBXBuildFile; fileRef = 8F06D8011F8CA8DD00BF09E1 /* Assets.xcassets */; };
		8F06D8051F8CA8DD00BF09E1 /* LaunchScreen.storyboard in Resources */ = {isa = PBXBuildFile; fileRef = 8F06D8031F8CA8DD00BF09E1 /* LaunchScreen.storyboard */; };
		8F06D8101F8CA8DD00BF09E1 /* WorldTweetsParserTests.swift in Sources */ = {isa = PBXBuildFile; fileRef = 8F06D80F1F8CA8DD00BF09E1 /* WorldTweetsParserTests.swift */; };
		8F1112F21F9527BF00FE84B8 /* WTTweetParser.swift in Sources */ = {isa = PBXBuildFile; fileRef = 8F1112F11F9527BF00FE84B8 /* WTTweetParser.swift */; };
		8F1112F61F95280200FE84B8 /* WTDataParser.swift in Sources */ = {isa = PBXBuildFile; fileRef = 8F1112F51F95280200FE84B8 /* WTDataParser.swift */; };
		8F1112F81F95281400FE84B8 /* WTParser.swift in Sources */ = {isa = PBXBuildFile; fileRef = 8F1112F71F95281400FE84B8 /* WTParser.swift */; };
		8F1112FA1F95284700FE84B8 /* WTSink.swift in Sources */ = {isa = PBXBuildFile; fileRef = 8F1112F91F95284700FE84B8 /* WTSink.swift */; };
		8F1112FC1F95286B00FE84B8 /* WTTweet.swift in Sources */ = {isa = PBXBuildFile; fileRef = 8F1112FB1F95286B00FE84B8 /* WTTweet.swift */; };
		8F1112FE1F9528D400FE84B8 /* WTStreamSource.swift in Sources */ = {isa = PBXBuildFile; fileRef = 8F1112FD1F9528D400FE84B8 /* WTStreamSource.swift */; };
		8F1113001F9528F100FE84B8 /* WTTweetSource.swift in Sources */ = {isa = PBXBuildFile; fileRef = 8F1112FF1F9528F100FE84B8 /* WTTweetSource.swift */; };
		8F1113021F95291600FE84B8 /* WTTwitterStream.swift in Sources */ = {isa = PBXBuildFile; fileRef = 8F1113011F95291600FE84B8 /* WTTwitterStream.swift */; };
		8F1113041F95293A00FE84B8 /* Data+Extensions.swift in Sources */ = {isa = PBXBuildFile; fileRef = 8F1113031F95293A00FE84B8 /* Data+Extensions.swift */; };
		8F1113061F95295300FE84B8 /* WTSplittable.swift in Sources */ = {isa = PBXBuildFile; fileRef = 8F1113051F95295300FE84B8 /* WTSplittable.swift */; };
		8F655AAD1F952BA6006D0DF2 /* Accounts.framework in Frameworks */ = {isa = PBXBuildFile; fileRef = 8F06D81B1F8CA99A00BF09E1 /* Accounts.framework */; };
		8F655AAE1F952BA6006D0DF2 /* Social.framework in Frameworks */ = {isa = PBXBuildFile; fileRef = 8F06D81C1F8CA99A00BF09E1 /* Social.framework */; };
		8FB1F28C1F909ED900BCC351 /* Info.plist in Resources */ = {isa = PBXBuildFile; fileRef = 8FB1F28B1F909ED900BCC351 /* Info.plist */; };
		8FB62F3F1F8F32C300D1FF87 /* Localizable.strings in Resources */ = {isa = PBXBuildFile; fileRef = 8FB62F3E1F8F32C300D1FF87 /* Localizable.strings */; };
		8FCA63151F8F817500583E11 /* StreamingStartupError.swift in Sources */ = {isa = PBXBuildFile; fileRef = 8FCA63141F8F817500583E11 /* StreamingStartupError.swift */; };
		8FF856BF1F8D14180054D9C3 /* WTConfiguration.swift in Sources */ = {isa = PBXBuildFile; fileRef = 8FF856BE1F8D14180054D9C3 /* WTConfiguration.swift */; };
/* End PBXBuildFile section */

/* Begin PBXContainerItemProxy section */
		8F06D80C1F8CA8DD00BF09E1 /* PBXContainerItemProxy */ = {
			isa = PBXContainerItemProxy;
			containerPortal = 8F06D7EF1F8CA8DD00BF09E1 /* Project object */;
			proxyType = 1;
			remoteGlobalIDString = 8F06D7F61F8CA8DD00BF09E1;
			remoteInfo = WorldTweets;
		};
/* End PBXContainerItemProxy section */

/* Begin PBXFileReference section */
		8F06D7F71F8CA8DD00BF09E1 /* WorldTweets.app */ = {isa = PBXFileReference; explicitFileType = wrapper.application; includeInIndex = 0; path = WorldTweets.app; sourceTree = BUILT_PRODUCTS_DIR; };
		8F06D7FA1F8CA8DD00BF09E1 /* AppDelegate.swift */ = {isa = PBXFileReference; lastKnownFileType = sourcecode.swift; path = AppDelegate.swift; sourceTree = "<group>"; };
		8F06D7FC1F8CA8DD00BF09E1 /* WTMapViewController.swift */ = {isa = PBXFileReference; lastKnownFileType = sourcecode.swift; path = WTMapViewController.swift; sourceTree = "<group>"; };
		8F06D7FF1F8CA8DD00BF09E1 /* Base */ = {isa = PBXFileReference; lastKnownFileType = file.storyboard; name = Base; path = Base.lproj/Main.storyboard; sourceTree = "<group>"; };
		8F06D8011F8CA8DD00BF09E1 /* Assets.xcassets */ = {isa = PBXFileReference; lastKnownFileType = folder.assetcatalog; path = Assets.xcassets; sourceTree = "<group>"; };
		8F06D8041F8CA8DD00BF09E1 /* Base */ = {isa = PBXFileReference; lastKnownFileType = file.storyboard; name = Base; path = Base.lproj/LaunchScreen.storyboard; sourceTree = "<group>"; };
		8F06D80B1F8CA8DD00BF09E1 /* WorldTweetsTests.xctest */ = {isa = PBXFileReference; explicitFileType = wrapper.cfbundle; includeInIndex = 0; path = WorldTweetsTests.xctest; sourceTree = BUILT_PRODUCTS_DIR; };
		8F06D80F1F8CA8DD00BF09E1 /* WorldTweetsParserTests.swift */ = {isa = PBXFileReference; lastKnownFileType = sourcecode.swift; path = WorldTweetsParserTests.swift; sourceTree = "<group>"; };
		8F06D8111F8CA8DD00BF09E1 /* Info.plist */ = {isa = PBXFileReference; lastKnownFileType = text.plist.xml; path = Info.plist; sourceTree = "<group>"; };
		8F06D81B1F8CA99A00BF09E1 /* Accounts.framework */ = {isa = PBXFileReference; lastKnownFileType = wrapper.framework; name = Accounts.framework; path = "WorldTweets/iOS10.3.1 frameworks/Accounts.framework"; sourceTree = "<group>"; };
		8F06D81C1F8CA99A00BF09E1 /* Social.framework */ = {isa = PBXFileReference; lastKnownFileType = wrapper.framework; name = Social.framework; path = "WorldTweets/iOS10.3.1 frameworks/Social.framework"; sourceTree = "<group>"; };
		8F1112F11F9527BF00FE84B8 /* WTTweetParser.swift */ = {isa = PBXFileReference; lastKnownFileType = sourcecode.swift; path = WTTweetParser.swift; sourceTree = "<group>"; };
		8F1112F51F95280200FE84B8 /* WTDataParser.swift */ = {isa = PBXFileReference; lastKnownFileType = sourcecode.swift; path = WTDataParser.swift; sourceTree = "<group>"; };
		8F1112F71F95281400FE84B8 /* WTParser.swift */ = {isa = PBXFileReference; lastKnownFileType = sourcecode.swift; path = WTParser.swift; sourceTree = "<group>"; };
		8F1112F91F95284700FE84B8 /* WTSink.swift */ = {isa = PBXFileReference; lastKnownFileType = sourcecode.swift; path = WTSink.swift; sourceTree = "<group>"; };
		8F1112FB1F95286B00FE84B8 /* WTTweet.swift */ = {isa = PBXFileReference; lastKnownFileType = sourcecode.swift; path = WTTweet.swift; sourceTree = "<group>"; };
		8F1112FD1F9528D400FE84B8 /* WTStreamSource.swift */ = {isa = PBXFileReference; lastKnownFileType = sourcecode.swift; path = WTStreamSource.swift; sourceTree = "<group>"; };
		8F1112FF1F9528F100FE84B8 /* WTTweetSource.swift */ = {isa = PBXFileReference; lastKnownFileType = sourcecode.swift; path = WTTweetSource.swift; sourceTree = "<group>"; };
		8F1113011F95291600FE84B8 /* WTTwitterStream.swift */ = {isa = PBXFileReference; lastKnownFileType = sourcecode.swift; path = WTTwitterStream.swift; sourceTree = "<group>"; };
		8F1113031F95293A00FE84B8 /* Data+Extensions.swift */ = {isa = PBXFileReference; lastKnownFileType = sourcecode.swift; path = "Data+Extensions.swift"; sourceTree = "<group>"; };
		8F1113051F95295300FE84B8 /* WTSplittable.swift */ = {isa = PBXFileReference; lastKnownFileType = sourcecode.swift; path = WTSplittable.swift; sourceTree = "<group>"; };
		8FB1F28B1F909ED900BCC351 /* Info.plist */ = {isa = PBXFileReference; fileEncoding = 4; lastKnownFileType = text.plist.xml; path = Info.plist; sourceTree = "<group>"; };
		8FB62F3E1F8F32C300D1FF87 /* Localizable.strings */ = {isa = PBXFileReference; lastKnownFileType = text.plist.strings; path = Localizable.strings; sourceTree = "<group>"; };
		8FCA63141F8F817500583E11 /* StreamingStartupError.swift */ = {isa = PBXFileReference; lastKnownFileType = sourcecode.swift; path = StreamingStartupError.swift; sourceTree = "<group>"; };
		8FF856BE1F8D14180054D9C3 /* WTConfiguration.swift */ = {isa = PBXFileReference; lastKnownFileType = sourcecode.swift; path = WTConfiguration.swift; sourceTree = "<group>"; };
/* End PBXFileReference section */

/* Begin PBXFrameworksBuildPhase section */
		8F06D7F41F8CA8DD00BF09E1 /* Frameworks */ = {
			isa = PBXFrameworksBuildPhase;
			buildActionMask = 2147483647;
			files = (
				8F655AAD1F952BA6006D0DF2 /* Accounts.framework in Frameworks */,
				8F655AAE1F952BA6006D0DF2 /* Social.framework in Frameworks */,
			);
			runOnlyForDeploymentPostprocessing = 0;
		};
		8F06D8081F8CA8DD00BF09E1 /* Frameworks */ = {
			isa = PBXFrameworksBuildPhase;
			buildActionMask = 2147483647;
			files = (
			);
			runOnlyForDeploymentPostprocessing = 0;
		};
/* End PBXFrameworksBuildPhase section */

/* Begin PBXGroup section */
		8F06D7EE1F8CA8DD00BF09E1 = {
			isa = PBXGroup;
			children = (
				8F06D7F91F8CA8DD00BF09E1 /* WorldTweets */,
				8F06D80E1F8CA8DD00BF09E1 /* WorldTweetsTests */,
				8F06D7F81F8CA8DD00BF09E1 /* Products */,
				8F06D81A1F8CA99A00BF09E1 /* Frameworks */,
			);
			sourceTree = "<group>";
		};
		8F06D7F81F8CA8DD00BF09E1 /* Products */ = {
			isa = PBXGroup;
			children = (
				8F06D7F71F8CA8DD00BF09E1 /* WorldTweets.app */,
				8F06D80B1F8CA8DD00BF09E1 /* WorldTweetsTests.xctest */,
			);
			name = Products;
			sourceTree = "<group>";
		};
		8F06D7F91F8CA8DD00BF09E1 /* WorldTweets */ = {
			isa = PBXGroup;
			children = (
				8F655AAF1F953053006D0DF2 /* Source */,
				8FF856C21F8D5F4A0054D9C3 /* Model */,
				8FCA631C1F909BA600583E11 /* View */,
				8FCA631B1F909B8900583E11 /* Controller */,
				8FCA631E1F909D3D00583E11 /* Parser */,
				8FF856C31F8D5FBA0054D9C3 /* Configuration */,
				8FCA631D1F909BD800583E11 /* Resources */,
				8F1112F91F95284700FE84B8 /* WTSink.swift */,
			);
			path = WorldTweets;
			sourceTree = "<group>";
		};
		8F06D80E1F8CA8DD00BF09E1 /* WorldTweetsTests */ = {
			isa = PBXGroup;
			children = (
				8F06D80F1F8CA8DD00BF09E1 /* WorldTweetsParserTests.swift */,
				8F06D8111F8CA8DD00BF09E1 /* Info.plist */,
			);
			path = WorldTweetsTests;
			sourceTree = "<group>";
		};
		8F06D81A1F8CA99A00BF09E1 /* Frameworks */ = {
			isa = PBXGroup;
			children = (
				8F06D81B1F8CA99A00BF09E1 /* Accounts.framework */,
				8F06D81C1F8CA99A00BF09E1 /* Social.framework */,
			);
			name = Frameworks;
			sourceTree = "<group>";
		};
		8F1112F41F9527E800FE84B8 /* Protocols */ = {
			isa = PBXGroup;
			children = (
				8F1112F51F95280200FE84B8 /* WTDataParser.swift */,
				8F1112F71F95281400FE84B8 /* WTParser.swift */,
				8F1113051F95295300FE84B8 /* WTSplittable.swift */,
			);
			path = Protocols;
			sourceTree = "<group>";
		};
		8F655AAF1F953053006D0DF2 /* Source */ = {
			isa = PBXGroup;
			children = (
				8F1112FD1F9528D400FE84B8 /* WTStreamSource.swift */,
				8F1112FF1F9528F100FE84B8 /* WTTweetSource.swift */,
				8F1113011F95291600FE84B8 /* WTTwitterStream.swift */,
			);
			path = Source;
			sourceTree = "<group>";
		};
		8FCA631B1F909B8900583E11 /* Controller */ = {
			isa = PBXGroup;
			children = (
				8F06D7FA1F8CA8DD00BF09E1 /* AppDelegate.swift */,
				8F06D7FC1F8CA8DD00BF09E1 /* WTMapViewController.swift */,
			);
			path = Controller;
			sourceTree = "<group>";
		};
		8FCA631C1F909BA600583E11 /* View */ = {
			isa = PBXGroup;
			children = (
				8F06D7FE1F8CA8DD00BF09E1 /* Main.storyboard */,
				8F06D8031F8CA8DD00BF09E1 /* LaunchScreen.storyboard */,
			);
			path = View;
			sourceTree = "<group>";
		};
		8FCA631D1F909BD800583E11 /* Resources */ = {
			isa = PBXGroup;
			children = (
				8F06D8011F8CA8DD00BF09E1 /* Assets.xcassets */,
				8FB62F3E1F8F32C300D1FF87 /* Localizable.strings */,
			);
			path = Resources;
			sourceTree = "<group>";
		};
		8FCA631E1F909D3D00583E11 /* Parser */ = {
			isa = PBXGroup;
			children = (
				8F1112F41F9527E800FE84B8 /* Protocols */,
				8F1113031F95293A00FE84B8 /* Data+Extensions.swift */,
				8F1112F11F9527BF00FE84B8 /* WTTweetParser.swift */,
			);
			path = Parser;
			sourceTree = "<group>";
		};
		8FF856C21F8D5F4A0054D9C3 /* Model */ = {
			isa = PBXGroup;
			children = (
				8FCA63141F8F817500583E11 /* StreamingStartupError.swift */,
				8F1112FB1F95286B00FE84B8 /* WTTweet.swift */,
			);
			path = Model;
			sourceTree = "<group>";
		};
		8FF856C31F8D5FBA0054D9C3 /* Configuration */ = {
			isa = PBXGroup;
			children = (
				8FB1F28B1F909ED900BCC351 /* Info.plist */,
				8FF856BE1F8D14180054D9C3 /* WTConfiguration.swift */,
			);
			path = Configuration;
			sourceTree = "<group>";
		};
/* End PBXGroup section */

/* Begin PBXNativeTarget section */
		8F06D7F61F8CA8DD00BF09E1 /* WorldTweets */ = {
			isa = PBXNativeTarget;
			buildConfigurationList = 8F06D8141F8CA8DD00BF09E1 /* Build configuration list for PBXNativeTarget "WorldTweets" */;
			buildPhases = (
				8F06D7F31F8CA8DD00BF09E1 /* Sources */,
				8F06D7F41F8CA8DD00BF09E1 /* Frameworks */,
				8F06D7F51F8CA8DD00BF09E1 /* Resources */,
			);
			buildRules = (
			);
			dependencies = (
			);
			name = WorldTweets;
			productName = WorldTweets;
			productReference = 8F06D7F71F8CA8DD00BF09E1 /* WorldTweets.app */;
			productType = "com.apple.product-type.application";
		};
		8F06D80A1F8CA8DD00BF09E1 /* WorldTweetsTests */ = {
			isa = PBXNativeTarget;
			buildConfigurationList = 8F06D8171F8CA8DD00BF09E1 /* Build configuration list for PBXNativeTarget "WorldTweetsTests" */;
			buildPhases = (
				8F06D8071F8CA8DD00BF09E1 /* Sources */,
				8F06D8081F8CA8DD00BF09E1 /* Frameworks */,
				8F06D8091F8CA8DD00BF09E1 /* Resources */,
			);
			buildRules = (
			);
			dependencies = (
				8F06D80D1F8CA8DD00BF09E1 /* PBXTargetDependency */,
			);
			name = WorldTweetsTests;
			productName = WorldTweetsTests;
			productReference = 8F06D80B1F8CA8DD00BF09E1 /* WorldTweetsTests.xctest */;
			productType = "com.apple.product-type.bundle.unit-test";
		};
/* End PBXNativeTarget section */

/* Begin PBXProject section */
		8F06D7EF1F8CA8DD00BF09E1 /* Project object */ = {
			isa = PBXProject;
			attributes = {
				CLASSPREFIX = WT;
				LastSwiftUpdateCheck = 0900;
				LastUpgradeCheck = 0900;
				ORGANIZATIONNAME = Marmoy;
				TargetAttributes = {
					8F06D7F61F8CA8DD00BF09E1 = {
						CreatedOnToolsVersion = 9.0;
						ProvisioningStyle = Automatic;
					};
					8F06D80A1F8CA8DD00BF09E1 = {
						CreatedOnToolsVersion = 9.0;
						ProvisioningStyle = Automatic;
						TestTargetID = 8F06D7F61F8CA8DD00BF09E1;
					};
				};
			};
			buildConfigurationList = 8F06D7F21F8CA8DD00BF09E1 /* Build configuration list for PBXProject "WorldTweets" */;
			compatibilityVersion = "Xcode 8.0";
			developmentRegion = en;
			hasScannedForEncodings = 0;
			knownRegions = (
				en,
				Base,
			);
			mainGroup = 8F06D7EE1F8CA8DD00BF09E1;
			productRefGroup = 8F06D7F81F8CA8DD00BF09E1 /* Products */;
			projectDirPath = "";
			projectRoot = "";
			targets = (
				8F06D7F61F8CA8DD00BF09E1 /* WorldTweets */,
				8F06D80A1F8CA8DD00BF09E1 /* WorldTweetsTests */,
			);
		};
/* End PBXProject section */

/* Begin PBXResourcesBuildPhase section */
		8F06D7F51F8CA8DD00BF09E1 /* Resources */ = {
			isa = PBXResourcesBuildPhase;
			buildActionMask = 2147483647;
			files = (
				8F06D8051F8CA8DD00BF09E1 /* LaunchScreen.storyboard in Resources */,
				8FB62F3F1F8F32C300D1FF87 /* Localizable.strings in Resources */,
				8F06D8021F8CA8DD00BF09E1 /* Assets.xcassets in Resources */,
				8FB1F28C1F909ED900BCC351 /* Info.plist in Resources */,
				8F06D8001F8CA8DD00BF09E1 /* Main.storyboard in Resources */,
			);
			runOnlyForDeploymentPostprocessing = 0;
		};
		8F06D8091F8CA8DD00BF09E1 /* Resources */ = {
			isa = PBXResourcesBuildPhase;
			buildActionMask = 2147483647;
			files = (
			);
			runOnlyForDeploymentPostprocessing = 0;
		};
/* End PBXResourcesBuildPhase section */

/* Begin PBXSourcesBuildPhase section */
		8F06D7F31F8CA8DD00BF09E1 /* Sources */ = {
			isa = PBXSourcesBuildPhase;
			buildActionMask = 2147483647;
			files = (
				8FF856BF1F8D14180054D9C3 /* WTConfiguration.swift in Sources */,
				8F1113041F95293A00FE84B8 /* Data+Extensions.swift in Sources */,
				8F1112F81F95281400FE84B8 /* WTParser.swift in Sources */,
				8F1112F61F95280200FE84B8 /* WTDataParser.swift in Sources */,
				8FCA63151F8F817500583E11 /* StreamingStartupError.swift in Sources */,
				8F1113021F95291600FE84B8 /* WTTwitterStream.swift in Sources */,
				8F06D7FD1F8CA8DD00BF09E1 /* WTMapViewController.swift in Sources */,
				8F06D7FB1F8CA8DD00BF09E1 /* AppDelegate.swift in Sources */,
				8F1113061F95295300FE84B8 /* WTSplittable.swift in Sources */,
				8F1112FE1F9528D400FE84B8 /* WTStreamSource.swift in Sources */,
				8F1112FA1F95284700FE84B8 /* WTSink.swift in Sources */,
				8F1112FC1F95286B00FE84B8 /* WTTweet.swift in Sources */,
				8F1112F21F9527BF00FE84B8 /* WTTweetParser.swift in Sources */,
				8F1113001F9528F100FE84B8 /* WTTweetSource.swift in Sources */,
			);
			runOnlyForDeploymentPostprocessing = 0;
		};
		8F06D8071F8CA8DD00BF09E1 /* Sources */ = {
			isa = PBXSourcesBuildPhase;
			buildActionMask = 2147483647;
			files = (
				8F06D8101F8CA8DD00BF09E1 /* WorldTweetsParserTests.swift in Sources */,
			);
			runOnlyForDeploymentPostprocessing = 0;
		};
/* End PBXSourcesBuildPhase section */

/* Begin PBXTargetDependency section */
		8F06D80D1F8CA8DD00BF09E1 /* PBXTargetDependency */ = {
			isa = PBXTargetDependency;
			target = 8F06D7F61F8CA8DD00BF09E1 /* WorldTweets */;
			targetProxy = 8F06D80C1F8CA8DD00BF09E1 /* PBXContainerItemProxy */;
		};
/* End PBXTargetDependency section */

/* Begin PBXVariantGroup section */
		8F06D7FE1F8CA8DD00BF09E1 /* Main.storyboard */ = {
			isa = PBXVariantGroup;
			children = (
				8F06D7FF1F8CA8DD00BF09E1 /* Base */,
			);
			name = Main.storyboard;
			sourceTree = "<group>";
		};
		8F06D8031F8CA8DD00BF09E1 /* LaunchScreen.storyboard */ = {
			isa = PBXVariantGroup;
			children = (
				8F06D8041F8CA8DD00BF09E1 /* Base */,
			);
			name = LaunchScreen.storyboard;
			sourceTree = "<group>";
		};
/* End PBXVariantGroup section */

/* Begin XCBuildConfiguration section */
		8F06D8121F8CA8DD00BF09E1 /* Debug */ = {
			isa = XCBuildConfiguration;
			buildSettings = {
				ALWAYS_SEARCH_USER_PATHS = NO;
				CLANG_ANALYZER_NONNULL = YES;
				CLANG_ANALYZER_NUMBER_OBJECT_CONVERSION = YES_AGGRESSIVE;
				CLANG_CXX_LANGUAGE_STANDARD = "gnu++14";
				CLANG_CXX_LIBRARY = "libc++";
				CLANG_ENABLE_MODULES = YES;
				CLANG_ENABLE_OBJC_ARC = YES;
				CLANG_WARN_BLOCK_CAPTURE_AUTORELEASING = YES;
				CLANG_WARN_BOOL_CONVERSION = YES;
				CLANG_WARN_COMMA = YES;
				CLANG_WARN_CONSTANT_CONVERSION = YES;
				CLANG_WARN_DIRECT_OBJC_ISA_USAGE = YES_ERROR;
				CLANG_WARN_DOCUMENTATION_COMMENTS = YES;
				CLANG_WARN_EMPTY_BODY = YES;
				CLANG_WARN_ENUM_CONVERSION = YES;
				CLANG_WARN_INFINITE_RECURSION = YES;
				CLANG_WARN_INT_CONVERSION = YES;
				CLANG_WARN_NON_LITERAL_NULL_CONVERSION = YES;
				CLANG_WARN_OBJC_LITERAL_CONVERSION = YES;
				CLANG_WARN_OBJC_ROOT_CLASS = YES_ERROR;
				CLANG_WARN_RANGE_LOOP_ANALYSIS = YES;
				CLANG_WARN_STRICT_PROTOTYPES = YES;
				CLANG_WARN_SUSPICIOUS_MOVE = YES;
				CLANG_WARN_UNGUARDED_AVAILABILITY = YES_AGGRESSIVE;
				CLANG_WARN_UNREACHABLE_CODE = YES;
				CLANG_WARN__DUPLICATE_METHOD_MATCH = YES;
				CODE_SIGN_IDENTITY = "iPhone Developer";
				COPY_PHASE_STRIP = NO;
				DEBUG_INFORMATION_FORMAT = dwarf;
				ENABLE_STRICT_OBJC_MSGSEND = YES;
				ENABLE_TESTABILITY = YES;
				GCC_C_LANGUAGE_STANDARD = gnu11;
				GCC_DYNAMIC_NO_PIC = NO;
				GCC_NO_COMMON_BLOCKS = YES;
				GCC_OPTIMIZATION_LEVEL = 0;
				GCC_PREPROCESSOR_DEFINITIONS = (
					"DEBUG=1",
					"$(inherited)",
				);
				GCC_WARN_64_TO_32_BIT_CONVERSION = YES;
				GCC_WARN_ABOUT_RETURN_TYPE = YES_ERROR;
				GCC_WARN_UNDECLARED_SELECTOR = YES;
				GCC_WARN_UNINITIALIZED_AUTOS = YES_AGGRESSIVE;
				GCC_WARN_UNUSED_FUNCTION = YES;
				GCC_WARN_UNUSED_VARIABLE = YES;
				IPHONEOS_DEPLOYMENT_TARGET = 10.3;
				MTL_ENABLE_DEBUG_INFO = YES;
				ONLY_ACTIVE_ARCH = YES;
				SDKROOT = iphoneos;
				SWIFT_ACTIVE_COMPILATION_CONDITIONS = DEBUG;
				SWIFT_OPTIMIZATION_LEVEL = "-Onone";
			};
			name = Debug;
		};
		8F06D8131F8CA8DD00BF09E1 /* Release */ = {
			isa = XCBuildConfiguration;
			buildSettings = {
				ALWAYS_SEARCH_USER_PATHS = NO;
				CLANG_ANALYZER_NONNULL = YES;
				CLANG_ANALYZER_NUMBER_OBJECT_CONVERSION = YES_AGGRESSIVE;
				CLANG_CXX_LANGUAGE_STANDARD = "gnu++14";
				CLANG_CXX_LIBRARY = "libc++";
				CLANG_ENABLE_MODULES = YES;
				CLANG_ENABLE_OBJC_ARC = YES;
				CLANG_WARN_BLOCK_CAPTURE_AUTORELEASING = YES;
				CLANG_WARN_BOOL_CONVERSION = YES;
				CLANG_WARN_COMMA = YES;
				CLANG_WARN_CONSTANT_CONVERSION = YES;
				CLANG_WARN_DIRECT_OBJC_ISA_USAGE = YES_ERROR;
				CLANG_WARN_DOCUMENTATION_COMMENTS = YES;
				CLANG_WARN_EMPTY_BODY = YES;
				CLANG_WARN_ENUM_CONVERSION = YES;
				CLANG_WARN_INFINITE_RECURSION = YES;
				CLANG_WARN_INT_CONVERSION = YES;
				CLANG_WARN_NON_LITERAL_NULL_CONVERSION = YES;
				CLANG_WARN_OBJC_LITERAL_CONVERSION = YES;
				CLANG_WARN_OBJC_ROOT_CLASS = YES_ERROR;
				CLANG_WARN_RANGE_LOOP_ANALYSIS = YES;
				CLANG_WARN_STRICT_PROTOTYPES = YES;
				CLANG_WARN_SUSPICIOUS_MOVE = YES;
				CLANG_WARN_UNGUARDED_AVAILABILITY = YES_AGGRESSIVE;
				CLANG_WARN_UNREACHABLE_CODE = YES;
				CLANG_WARN__DUPLICATE_METHOD_MATCH = YES;
				CODE_SIGN_IDENTITY = "iPhone Developer";
				COPY_PHASE_STRIP = NO;
				DEBUG_INFORMATION_FORMAT = "dwarf-with-dsym";
				ENABLE_NS_ASSERTIONS = NO;
				ENABLE_STRICT_OBJC_MSGSEND = YES;
				GCC_C_LANGUAGE_STANDARD = gnu11;
				GCC_NO_COMMON_BLOCKS = YES;
				GCC_WARN_64_TO_32_BIT_CONVERSION = YES;
				GCC_WARN_ABOUT_RETURN_TYPE = YES_ERROR;
				GCC_WARN_UNDECLARED_SELECTOR = YES;
				GCC_WARN_UNINITIALIZED_AUTOS = YES_AGGRESSIVE;
				GCC_WARN_UNUSED_FUNCTION = YES;
				GCC_WARN_UNUSED_VARIABLE = YES;
				IPHONEOS_DEPLOYMENT_TARGET = 10.3;
				MTL_ENABLE_DEBUG_INFO = NO;
				SDKROOT = iphoneos;
				SWIFT_OPTIMIZATION_LEVEL = "-Owholemodule";
				VALIDATE_PRODUCT = YES;
			};
			name = Release;
		};
		8F06D8151F8CA8DD00BF09E1 /* Debug */ = {
			isa = XCBuildConfiguration;
			buildSettings = {
				ASSETCATALOG_COMPILER_APPICON_NAME = AppIcon;
				CODE_SIGN_STYLE = Automatic;
				DEVELOPMENT_TEAM = 25ZES2RX4M;
				FRAMEWORK_SEARCH_PATHS = (
					"$(inherited)",
					"$(PROJECT_DIR)/WorldTweets/iOS10.3.1\\ frameworks",
					"$(PROJECT_DIR)/WorldTweets/iOS10.3.1\\ frameworks",
					"$(PROJECT_DIR)/WorldTweets/iOS10.3.1\\ frameworks",
					"$(PROJECT_DIR)/WorldTweets/iOS10.3.1\\ frameworks",
					"$(PROJECT_DIR)/WorldTweets/iOS10.3.1\\ frameworks",
					"$(PROJECT_DIR)/WorldTweets/iOS10.3.1\\ frameworks",
					"$(PROJECT_DIR)/WorldTweets/iOS10.3.1\\ frameworks",
					"$(PROJECT_DIR)/WorldTweets/iOS10.3.1\\ frameworks",
					"$(PROJECT_DIR)/WorldTweets/iOS10.3.1\\ frameworks",
					"$(PROJECT_DIR)/WorldTweets/iOS10.3.1\\ frameworks",
					"$(PROJECT_DIR)/WorldTweets/iOS10.3.1\\ frameworks",
					"$(PROJECT_DIR)/WorldTweets/iOS10.3.1\\ frameworks",
					"$(PROJECT_DIR)/WorldTweets/iOS10.3.1\\ frameworks",
					"$(PROJECT_DIR)/WorldTweets/iOS10.3.1\\ frameworks",
					"$(PROJECT_DIR)/WorldTweets/iOS10.3.1\\ frameworks",
					"$(PROJECT_DIR)/WorldTweets/iOS10.3.1\\ frameworks",
					"$(PROJECT_DIR)/WorldTweets/iOS10.3.1\\ frameworks",
					"$(PROJECT_DIR)/WorldTweets/iOS10.3.1\\ frameworks",
					"$(PROJECT_DIR)/WorldTweets/iOS10.3.1\\ frameworks",
					"$(PROJECT_DIR)/WorldTweets/iOS10.3.1\\ frameworks",
					"$(PROJECT_DIR)/WorldTweets/iOS10.3.1\\ frameworks",
					"$(PROJECT_DIR)/WorldTweets/iOS10.3.1\\ frameworks",
				);
				INFOPLIST_FILE = WorldTweets/Configuration/Info.plist;
				LD_RUNPATH_SEARCH_PATHS = "$(inherited) @executable_path/Frameworks";
				PRODUCT_BUNDLE_IDENTIFIER = com.marmoy.WorldTweets;
				PRODUCT_NAME = "$(TARGET_NAME)";
				SWIFT_VERSION = 4.0;
				TARGETED_DEVICE_FAMILY = "1,2";
			};
			name = Debug;
		};
		8F06D8161F8CA8DD00BF09E1 /* Release */ = {
			isa = XCBuildConfiguration;
			buildSettings = {
				ASSETCATALOG_COMPILER_APPICON_NAME = AppIcon;
				CODE_SIGN_STYLE = Automatic;
				DEVELOPMENT_TEAM = 25ZES2RX4M;
				FRAMEWORK_SEARCH_PATHS = (
					"$(inherited)",
					"$(PROJECT_DIR)/WorldTweets/iOS10.3.1\\ frameworks",
					"$(PROJECT_DIR)/WorldTweets/iOS10.3.1\\ frameworks",
					"$(PROJECT_DIR)/WorldTweets/iOS10.3.1\\ frameworks",
					"$(PROJECT_DIR)/WorldTweets/iOS10.3.1\\ frameworks",
					"$(PROJECT_DIR)/WorldTweets/iOS10.3.1\\ frameworks",
					"$(PROJECT_DIR)/WorldTweets/iOS10.3.1\\ frameworks",
					"$(PROJECT_DIR)/WorldTweets/iOS10.3.1\\ frameworks",
					"$(PROJECT_DIR)/WorldTweets/iOS10.3.1\\ frameworks",
					"$(PROJECT_DIR)/WorldTweets/iOS10.3.1\\ frameworks",
					"$(PROJECT_DIR)/WorldTweets/iOS10.3.1\\ frameworks",
					"$(PROJECT_DIR)/WorldTweets/iOS10.3.1\\ frameworks",
					"$(PROJECT_DIR)/WorldTweets/iOS10.3.1\\ frameworks",
					"$(PROJECT_DIR)/WorldTweets/iOS10.3.1\\ frameworks",
					"$(PROJECT_DIR)/WorldTweets/iOS10.3.1\\ frameworks",
					"$(PROJECT_DIR)/WorldTweets/iOS10.3.1\\ frameworks",
					"$(PROJECT_DIR)/WorldTweets/iOS10.3.1\\ frameworks",
					"$(PROJECT_DIR)/WorldTweets/iOS10.3.1\\ frameworks",
					"$(PROJECT_DIR)/WorldTweets/iOS10.3.1\\ frameworks",
					"$(PROJECT_DIR)/WorldTweets/iOS10.3.1\\ frameworks",
					"$(PROJECT_DIR)/WorldTweets/iOS10.3.1\\ frameworks",
					"$(PROJECT_DIR)/WorldTweets/iOS10.3.1\\ frameworks",
					"$(PROJECT_DIR)/WorldTweets/iOS10.3.1\\ frameworks",
				);
				INFOPLIST_FILE = WorldTweets/Configuration/Info.plist;
				LD_RUNPATH_SEARCH_PATHS = "$(inherited) @executable_path/Frameworks";
				PRODUCT_BUNDLE_IDENTIFIER = com.marmoy.WorldTweets;
				PRODUCT_NAME = "$(TARGET_NAME)";
				SWIFT_VERSION = 4.0;
				TARGETED_DEVICE_FAMILY = "1,2";
			};
			name = Release;
		};
		8F06D8181F8CA8DD00BF09E1 /* Debug */ = {
			isa = XCBuildConfiguration;
			buildSettings = {
				ALWAYS_EMBED_SWIFT_STANDARD_LIBRARIES = YES;
				BUNDLE_LOADER = "$(TEST_HOST)";
				CODE_SIGN_STYLE = Automatic;
				DEVELOPMENT_TEAM = 25ZES2RX4M;
				INFOPLIST_FILE = WorldTweetsTests/Info.plist;
				LD_RUNPATH_SEARCH_PATHS = "$(inherited) @executable_path/Frameworks @loader_path/Frameworks";
				PRODUCT_BUNDLE_IDENTIFIER = com.marmoy.WorldTweetsTests;
				PRODUCT_NAME = "$(TARGET_NAME)";
				SWIFT_VERSION = 4.0;
				TARGETED_DEVICE_FAMILY = "1,2";
				TEST_HOST = "$(BUILT_PRODUCTS_DIR)/WorldTweets.app/WorldTweets";
			};
			name = Debug;
		};
		8F06D8191F8CA8DD00BF09E1 /* Release */ = {
			isa = XCBuildConfiguration;
			buildSettings = {
				ALWAYS_EMBED_SWIFT_STANDARD_LIBRARIES = YES;
				BUNDLE_LOADER = "$(TEST_HOST)";
				CODE_SIGN_STYLE = Automatic;
				DEVELOPMENT_TEAM = 25ZES2RX4M;
				INFOPLIST_FILE = WorldTweetsTests/Info.plist;
				LD_RUNPATH_SEARCH_PATHS = "$(inherited) @executable_path/Frameworks @loader_path/Frameworks";
				PRODUCT_BUNDLE_IDENTIFIER = com.marmoy.WorldTweetsTests;
				PRODUCT_NAME = "$(TARGET_NAME)";
				SWIFT_VERSION = 4.0;
				TARGETED_DEVICE_FAMILY = "1,2";
				TEST_HOST = "$(BUILT_PRODUCTS_DIR)/WorldTweets.app/WorldTweets";
			};
			name = Release;
		};
/* End XCBuildConfiguration section */

/* Begin XCConfigurationList section */
		8F06D7F21F8CA8DD00BF09E1 /* Build configuration list for PBXProject "WorldTweets" */ = {
			isa = XCConfigurationList;
			buildConfigurations = (
				8F06D8121F8CA8DD00BF09E1 /* Debug */,
				8F06D8131F8CA8DD00BF09E1 /* Release */,
			);
			defaultConfigurationIsVisible = 0;
			defaultConfigurationName = Release;
		};
		8F06D8141F8CA8DD00BF09E1 /* Build configuration list for PBXNativeTarget "WorldTweets" */ = {
			isa = XCConfigurationList;
			buildConfigurations = (
				8F06D8151F8CA8DD00BF09E1 /* Debug */,
				8F06D8161F8CA8DD00BF09E1 /* Release */,
			);
			defaultConfigurationIsVisible = 0;
			defaultConfigurationName = Release;
		};
		8F06D8171F8CA8DD00BF09E1 /* Build configuration list for PBXNativeTarget "WorldTweetsTests" */ = {
			isa = XCConfigurationList;
			buildConfigurations = (
				8F06D8181F8CA8DD00BF09E1 /* Debug */,
				8F06D8191F8CA8DD00BF09E1 /* Release */,
			);
			defaultConfigurationIsVisible = 0;
			defaultConfigurationName = Release;
		};
/* End XCConfigurationList section */
	};
	rootObject = 8F06D7EF1F8CA8DD00BF09E1 /* Project object */;
}
